
Microsoft Visual Studio Solution File, Format Version 12.00
# Visual Studio Version 16
VisualStudioVersion = 16.0.31729.503
MinimumVisualStudioVersion = 10.0.40219.1
Project("{FAE04EC0-301F-11D3-BF4B-00C04F79EFBC}") = "WpfAppLabb4", "WpfAppLabb4.csproj", "{73837EB8-B3D4-4995-9B8E-508BA849A075}"
EndProject
Global
	GlobalSection(SolutionConfigurationPlatforms) = preSolution
		Debug|Any CPU = Debug|Any CPU
		Release|Any CPU = Release|Any CPU
	EndGlobalSection
	GlobalSection(ProjectConfigurationPlatforms) = postSolution
		{73837EB8-B3D4-4995-9B8E-508BA849A075}.Debug|Any CPU.ActiveCfg = Debug|Any CPU
		{73837EB8-B3D4-4995-9B8E-508BA849A075}.Debug|Any CPU.Build.0 = Debug|Any CPU
		{73837EB8-B3D4-4995-9B8E-508BA849A075}.Release|Any CPU.ActiveCfg = Release|Any CPU
		{73837EB8-B3D4-4995-9B8E-508BA849A075}.Release|Any CPU.Build.0 = Release|Any CPU
	EndGlobalSection
	GlobalSection(SolutionProperties) = preSolution
		HideSolutionNode = FALSE
	EndGlobalSection
	GlobalSection(ExtensibilityGlobals) = postSolution
		SolutionGuid = {47D7BC7C-4107-42B0-B068-F43A543F8A2F}
	EndGlobalSection
EndGlobal
